# This file is generated by running "yarn install" inside your project.
# Manual changes might be lost - proceed with caution!

__metadata:
  version: 8
  cacheKey: 10c0

"@babel/runtime@npm:^7.12.5, @babel/runtime@npm:^7.23.2":
  version: 7.28.4
  resolution: "@babel/runtime@npm:7.28.4"
  checksum: 10c0/792ce7af9750fb9b93879cc9d1db175701c4689da890e6ced242ea0207c9da411ccf16dc04e689cc01158b28d7898c40d75598f4559109f761c12ce01e959bf7
  languageName: node
  linkType: hard

"@esbuild/aix-ppc64@npm:0.25.11":
  version: 0.25.11
  resolution: "@esbuild/aix-ppc64@npm:0.25.11"
  conditions: os=aix & cpu=ppc64
  languageName: node
  linkType: hard

"@esbuild/android-arm64@npm:0.25.11":
  version: 0.25.11
  resolution: "@esbuild/android-arm64@npm:0.25.11"
  conditions: os=android & cpu=arm64
  languageName: node
  linkType: hard

"@esbuild/android-arm@npm:0.25.11":
  version: 0.25.11
  resolution: "@esbuild/android-arm@npm:0.25.11"
  conditions: os=android & cpu=arm
  languageName: node
  linkType: hard

"@esbuild/android-x64@npm:0.25.11":
  version: 0.25.11
  resolution: "@esbuild/android-x64@npm:0.25.11"
  conditions: os=android & cpu=x64
  languageName: node
  linkType: hard

"@esbuild/darwin-arm64@npm:0.25.11":
  version: 0.25.11
  resolution: "@esbuild/darwin-arm64@npm:0.25.11"
  conditions: os=darwin & cpu=arm64
  languageName: node
  linkType: hard

"@esbuild/darwin-x64@npm:0.25.11":
  version: 0.25.11
  resolution: "@esbuild/darwin-x64@npm:0.25.11"
  conditions: os=darwin & cpu=x64
  languageName: node
  linkType: hard

"@esbuild/freebsd-arm64@npm:0.25.11":
  version: 0.25.11
  resolution: "@esbuild/freebsd-arm64@npm:0.25.11"
  conditions: os=freebsd & cpu=arm64
  languageName: node
  linkType: hard

"@esbuild/freebsd-x64@npm:0.25.11":
  version: 0.25.11
  resolution: "@esbuild/freebsd-x64@npm:0.25.11"
  conditions: os=freebsd & cpu=x64
  languageName: node
  linkType: hard

"@esbuild/linux-arm64@npm:0.25.11":
  version: 0.25.11
  resolution: "@esbuild/linux-arm64@npm:0.25.11"
  conditions: os=linux & cpu=arm64
  languageName: node
  linkType: hard

"@esbuild/linux-arm@npm:0.25.11":
  version: 0.25.11
  resolution: "@esbuild/linux-arm@npm:0.25.11"
  conditions: os=linux & cpu=arm
  languageName: node
  linkType: hard

"@esbuild/linux-ia32@npm:0.25.11":
  version: 0.25.11
  resolution: "@esbuild/linux-ia32@npm:0.25.11"
  conditions: os=linux & cpu=ia32
  languageName: node
  linkType: hard

"@esbuild/linux-loong64@npm:0.25.11":
  version: 0.25.11
  resolution: "@esbuild/linux-loong64@npm:0.25.11"
  conditions: os=linux & cpu=loong64
  languageName: node
  linkType: hard

"@esbuild/linux-mips64el@npm:0.25.11":
  version: 0.25.11
  resolution: "@esbuild/linux-mips64el@npm:0.25.11"
  conditions: os=linux & cpu=mips64el
  languageName: node
  linkType: hard

"@esbuild/linux-ppc64@npm:0.25.11":
  version: 0.25.11
  resolution: "@esbuild/linux-ppc64@npm:0.25.11"
  conditions: os=linux & cpu=ppc64
  languageName: node
  linkType: hard

"@esbuild/linux-riscv64@npm:0.25.11":
  version: 0.25.11
  resolution: "@esbuild/linux-riscv64@npm:0.25.11"
  conditions: os=linux & cpu=riscv64
  languageName: node
  linkType: hard

"@esbuild/linux-s390x@npm:0.25.11":
  version: 0.25.11
  resolution: "@esbuild/linux-s390x@npm:0.25.11"
  conditions: os=linux & cpu=s390x
  languageName: node
  linkType: hard

"@esbuild/linux-x64@npm:0.25.11":
  version: 0.25.11
  resolution: "@esbuild/linux-x64@npm:0.25.11"
  conditions: os=linux & cpu=x64
  languageName: node
  linkType: hard

"@esbuild/netbsd-arm64@npm:0.25.11":
  version: 0.25.11
  resolution: "@esbuild/netbsd-arm64@npm:0.25.11"
  conditions: os=netbsd & cpu=arm64
  languageName: node
  linkType: hard

"@esbuild/netbsd-x64@npm:0.25.11":
  version: 0.25.11
  resolution: "@esbuild/netbsd-x64@npm:0.25.11"
  conditions: os=netbsd & cpu=x64
  languageName: node
  linkType: hard

"@esbuild/openbsd-arm64@npm:0.25.11":
  version: 0.25.11
  resolution: "@esbuild/openbsd-arm64@npm:0.25.11"
  conditions: os=openbsd & cpu=arm64
  languageName: node
  linkType: hard

"@esbuild/openbsd-x64@npm:0.25.11":
  version: 0.25.11
  resolution: "@esbuild/openbsd-x64@npm:0.25.11"
  conditions: os=openbsd & cpu=x64
  languageName: node
  linkType: hard

"@esbuild/openharmony-arm64@npm:0.25.11":
  version: 0.25.11
  resolution: "@esbuild/openharmony-arm64@npm:0.25.11"
  conditions: os=openharmony & cpu=arm64
  languageName: node
  linkType: hard

"@esbuild/sunos-x64@npm:0.25.11":
  version: 0.25.11
  resolution: "@esbuild/sunos-x64@npm:0.25.11"
  conditions: os=sunos & cpu=x64
  languageName: node
  linkType: hard

"@esbuild/win32-arm64@npm:0.25.11":
  version: 0.25.11
  resolution: "@esbuild/win32-arm64@npm:0.25.11"
  conditions: os=win32 & cpu=arm64
  languageName: node
  linkType: hard

"@esbuild/win32-ia32@npm:0.25.11":
  version: 0.25.11
  resolution: "@esbuild/win32-ia32@npm:0.25.11"
  conditions: os=win32 & cpu=ia32
  languageName: node
  linkType: hard

"@esbuild/win32-x64@npm:0.25.11":
  version: 0.25.11
  resolution: "@esbuild/win32-x64@npm:0.25.11"
  conditions: os=win32 & cpu=x64
  languageName: node
  linkType: hard

"@types/raf@npm:^3.4.0":
  version: 3.4.3
  resolution: "@types/raf@npm:3.4.3"
  checksum: 10c0/dea835f0daa399c51db9137f5337dc08a2b4a5f61f645658966ecabaebbbd0fd59551f384a1141e14e22a1cc5a591da7d4d88c60a525ad1399108b6dd2641d75
  languageName: node
  linkType: hard

"app@workspace:.":
  version: 0.0.0-use.local
  resolution: "app@workspace:."
  dependencies:
    axios: "npm:^1.12.2"
    esbuild: "npm:^0.25.10"
    jspdf: "npm:^2.5.1"
    jspdf-autotable: "npm:^3.5.28"
    react: "npm:^19.1.1"
    react-dom: "npm:^19.1.1"
    react-icons: "npm:^5.5.0"
    react-router-dom: "npm:^7.9.1"
    react-slick: "npm:^0.31.0"
    slick-carousel: "npm:^1.8.1"
  languageName: unknown
  linkType: soft

"asynckit@npm:^0.4.0":
  version: 0.4.0
  resolution: "asynckit@npm:0.4.0"
  checksum: 10c0/d73e2ddf20c4eb9337e1b3df1a0f6159481050a5de457c55b14ea2e5cb6d90bb69e004c9af54737a5ee0917fcf2c9e25de67777bbe58261847846066ba75bc9d
  languageName: node
  linkType: hard

"atob@npm:^2.1.2":
  version: 2.1.2
  resolution: "atob@npm:2.1.2"
  bin:
    atob: bin/atob.js
  checksum: 10c0/ada635b519dc0c576bb0b3ca63a73b50eefacf390abb3f062558342a8d68f2db91d0c8db54ce81b0d89de3b0f000de71f3ae7d761fd7d8cc624278fe443d6c7e
  languageName: node
  linkType: hard

"axios@npm:^1.12.2":
  version: 1.13.0
  resolution: "axios@npm:1.13.0"
  dependencies:
    follow-redirects: "npm:^1.15.6"
    form-data: "npm:^4.0.4"
    proxy-from-env: "npm:^1.1.0"
  checksum: 10c0/2af09f8ad9db9565bf97055eb0ddd2fd4abd9a03d23157b409348c9589370a88c3ede02e11fd1268becb780a77b62bdf9488650dd7208eda57edceca1d65622e
  languageName: node
  linkType: hard

"base64-arraybuffer@npm:^1.0.2":
  version: 1.0.2
  resolution: "base64-arraybuffer@npm:1.0.2"
  checksum: 10c0/3acac95c70f9406e87a41073558ba85b6be9dbffb013a3d2a710e3f2d534d506c911847d5d9be4de458af6362c676de0a5c4c2d7bdf4def502d00b313368e72f
  languageName: node
  linkType: hard

"btoa@npm:^1.2.1":
  version: 1.2.1
  resolution: "btoa@npm:1.2.1"
  bin:
    btoa: bin/btoa.js
  checksum: 10c0/557b9682e40a68ae057af1b377e28884e6ff756ba0f499fe0f8c7b725a5bfb5c0d891604ac09944dbe330c9d43fb3976fef734f9372608d0d8e78a30eda292ae
  languageName: node
  linkType: hard

"call-bind-apply-helpers@npm:^1.0.1, call-bind-apply-helpers@npm:^1.0.2":
  version: 1.0.2
  resolution: "call-bind-apply-helpers@npm:1.0.2"
  dependencies:
    es-errors: "npm:^1.3.0"
    function-bind: "npm:^1.1.2"
  checksum: 10c0/47bd9901d57b857590431243fea704ff18078b16890a6b3e021e12d279bbf211d039155e27d7566b374d49ee1f8189344bac9833dec7a20cdec370506361c938
  languageName: node
  linkType: hard

"canvg@npm:^3.0.6":
  version: 3.0.11
  resolution: "canvg@npm:3.0.11"
  dependencies:
    "@babel/runtime": "npm:^7.12.5"
    "@types/raf": "npm:^3.4.0"
    core-js: "npm:^3.8.3"
    raf: "npm:^3.4.1"
    regenerator-runtime: "npm:^0.13.7"
    rgbcolor: "npm:^1.0.1"
    stackblur-canvas: "npm:^2.0.0"
    svg-pathdata: "npm:^6.0.3"
  checksum: 10c0/03ea5b69e97a4a476ef5fc8455d0da2718bd68cd8ace3e42718176bf4b7dfd80eb1d0eba47dcd04b34ed9a0c5c8ed849ead0f364dad0e35369254a45d5e098c4
  languageName: node
  linkType: hard

"classnames@npm:^2.2.5":
  version: 2.5.1
  resolution: "classnames@npm:2.5.1"
  checksum: 10c0/afff4f77e62cea2d79c39962980bf316bacb0d7c49e13a21adaadb9221e1c6b9d3cdb829d8bb1b23c406f4e740507f37e1dcf506f7e3b7113d17c5bab787aa69
  languageName: node
  linkType: hard

"combined-stream@npm:^1.0.8":
  version: 1.0.8
  resolution: "combined-stream@npm:1.0.8"
  dependencies:
    delayed-stream: "npm:~1.0.0"
  checksum: 10c0/0dbb829577e1b1e839fa82b40c07ffaf7de8a09b935cadd355a73652ae70a88b4320db322f6634a4ad93424292fa80973ac6480986247f1734a1137debf271d5
  languageName: node
  linkType: hard

"cookie@npm:^1.0.1":
  version: 1.0.2
  resolution: "cookie@npm:1.0.2"
  checksum: 10c0/fd25fe79e8fbcfcaf6aa61cd081c55d144eeeba755206c058682257cb38c4bd6795c6620de3f064c740695bb65b7949ebb1db7a95e4636efb8357a335ad3f54b
  languageName: node
  linkType: hard

"core-js@npm:^3.6.0, core-js@npm:^3.8.3":
  version: 3.46.0
  resolution: "core-js@npm:3.46.0"
  checksum: 10c0/12d559d39a58227881bc6c86c36d24dcfbe2d56e52dac42e35e8643278172596ab67f57ede98baf40b153ca1b830f37420ea32c3f7417c0c5a1fed46438ae187
  languageName: node
  linkType: hard

"css-line-break@npm:^2.1.0":
  version: 2.1.0
  resolution: "css-line-break@npm:2.1.0"
  dependencies:
    utrie: "npm:^1.0.2"
  checksum: 10c0/b2222d99d5daf7861ecddc050244fdce296fad74b000dcff6bdfb1eb16dc2ef0b9ffe2c1c965e3239bd05ebe9eadb6d5438a91592fa8648d27a338e827cf9048
  languageName: node
  linkType: hard

"delayed-stream@npm:~1.0.0":
  version: 1.0.0
  resolution: "delayed-stream@npm:1.0.0"
  checksum: 10c0/d758899da03392e6712f042bec80aa293bbe9e9ff1b2634baae6a360113e708b91326594c8a486d475c69d6259afb7efacdc3537bfcda1c6c648e390ce601b19
  languageName: node
  linkType: hard

"dompurify@npm:^2.5.4":
  version: 2.5.8
  resolution: "dompurify@npm:2.5.8"
  checksum: 10c0/4101708d190b67be00350369d72619266a2e0ebb7dcab12628cf07711329b1df12239baea613df41b65cba571128e8ea4c29c442f4e2c98670a9bb5563521f03
  languageName: node
  linkType: hard

"dunder-proto@npm:^1.0.1":
  version: 1.0.1
  resolution: "dunder-proto@npm:1.0.1"
  dependencies:
    call-bind-apply-helpers: "npm:^1.0.1"
    es-errors: "npm:^1.3.0"
    gopd: "npm:^1.2.0"
  checksum: 10c0/199f2a0c1c16593ca0a145dbf76a962f8033ce3129f01284d48c45ed4e14fea9bbacd7b3610b6cdc33486cef20385ac054948fefc6272fcce645c09468f93031
  languageName: node
  linkType: hard

"es-define-property@npm:^1.0.1":
  version: 1.0.1
  resolution: "es-define-property@npm:1.0.1"
  checksum: 10c0/3f54eb49c16c18707949ff25a1456728c883e81259f045003499efba399c08bad00deebf65cccde8c0e07908c1a225c9d472b7107e558f2a48e28d530e34527c
  languageName: node
  linkType: hard

"es-errors@npm:^1.3.0":
  version: 1.3.0
  resolution: "es-errors@npm:1.3.0"
  checksum: 10c0/0a61325670072f98d8ae3b914edab3559b6caa980f08054a3b872052640d91da01d38df55df797fcc916389d77fc92b8d5906cf028f4db46d7e3003abecbca85
  languageName: node
  linkType: hard

"es-object-atoms@npm:^1.0.0, es-object-atoms@npm:^1.1.1":
  version: 1.1.1
  resolution: "es-object-atoms@npm:1.1.1"
  dependencies:
    es-errors: "npm:^1.3.0"
  checksum: 10c0/65364812ca4daf48eb76e2a3b7a89b3f6a2e62a1c420766ce9f692665a29d94fe41fe88b65f24106f449859549711e4b40d9fb8002d862dfd7eb1c512d10be0c
  languageName: node
  linkType: hard

"es-set-tostringtag@npm:^2.1.0":
  version: 2.1.0
  resolution: "es-set-tostringtag@npm:2.1.0"
  dependencies:
    es-errors: "npm:^1.3.0"
    get-intrinsic: "npm:^1.2.6"
    has-tostringtag: "npm:^1.0.2"
    hasown: "npm:^2.0.2"
  checksum: 10c0/ef2ca9ce49afe3931cb32e35da4dcb6d86ab02592cfc2ce3e49ced199d9d0bb5085fc7e73e06312213765f5efa47cc1df553a6a5154584b21448e9fb8355b1af
  languageName: node
  linkType: hard

"esbuild@npm:^0.25.10":
  version: 0.25.11
  resolution: "esbuild@npm:0.25.11"
  dependencies:
    "@esbuild/aix-ppc64": "npm:0.25.11"
    "@esbuild/android-arm": "npm:0.25.11"
    "@esbuild/android-arm64": "npm:0.25.11"
    "@esbuild/android-x64": "npm:0.25.11"
    "@esbuild/darwin-arm64": "npm:0.25.11"
    "@esbuild/darwin-x64": "npm:0.25.11"
    "@esbuild/freebsd-arm64": "npm:0.25.11"
    "@esbuild/freebsd-x64": "npm:0.25.11"
    "@esbuild/linux-arm": "npm:0.25.11"
    "@esbuild/linux-arm64": "npm:0.25.11"
    "@esbuild/linux-ia32": "npm:0.25.11"
    "@esbuild/linux-loong64": "npm:0.25.11"
    "@esbuild/linux-mips64el": "npm:0.25.11"
    "@esbuild/linux-ppc64": "npm:0.25.11"
    "@esbuild/linux-riscv64": "npm:0.25.11"
    "@esbuild/linux-s390x": "npm:0.25.11"
    "@esbuild/linux-x64": "npm:0.25.11"
    "@esbuild/netbsd-arm64": "npm:0.25.11"
    "@esbuild/netbsd-x64": "npm:0.25.11"
    "@esbuild/openbsd-arm64": "npm:0.25.11"
    "@esbuild/openbsd-x64": "npm:0.25.11"
    "@esbuild/openharmony-arm64": "npm:0.25.11"
    "@esbuild/sunos-x64": "npm:0.25.11"
    "@esbuild/win32-arm64": "npm:0.25.11"
    "@esbuild/win32-ia32": "npm:0.25.11"
    "@esbuild/win32-x64": "npm:0.25.11"
  dependenciesMeta:
    "@esbuild/aix-ppc64":
      optional: true
    "@esbuild/android-arm":
      optional: true
    "@esbuild/android-arm64":
      optional: true
    "@esbuild/android-x64":
      optional: true
    "@esbuild/darwin-arm64":
      optional: true
    "@esbuild/darwin-x64":
      optional: true
    "@esbuild/freebsd-arm64":
      optional: true
    "@esbuild/freebsd-x64":
      optional: true
    "@esbuild/linux-arm":
      optional: true
    "@esbuild/linux-arm64":
      optional: true
    "@esbuild/linux-ia32":
      optional: true
    "@esbuild/linux-loong64":
      optional: true
    "@esbuild/linux-mips64el":
      optional: true
    "@esbuild/linux-ppc64":
      optional: true
    "@esbuild/linux-riscv64":
      optional: true
    "@esbuild/linux-s390x":
      optional: true
    "@esbuild/linux-x64":
      optional: true
    "@esbuild/netbsd-arm64":
      optional: true
    "@esbuild/netbsd-x64":
      optional: true
    "@esbuild/openbsd-arm64":
      optional: true
    "@esbuild/openbsd-x64":
      optional: true
    "@esbuild/openharmony-arm64":
      optional: true
    "@esbuild/sunos-x64":
      optional: true
    "@esbuild/win32-arm64":
      optional: true
    "@esbuild/win32-ia32":
      optional: true
    "@esbuild/win32-x64":
      optional: true
  bin:
    esbuild: bin/esbuild
  checksum: 10c0/7f819b16a9f502091ddc6e1855291eaa5ede32c2b792cd8a8a60cc24faee469e3c7b607e2f22ea8684eb7c7bc377b2509e9f1cd50f10b3bf5042d1e9e4234be3
  languageName: node
  linkType: hard

"fflate@npm:^0.8.1":
  version: 0.8.2
  resolution: "fflate@npm:0.8.2"
  checksum: 10c0/03448d630c0a583abea594835a9fdb2aaf7d67787055a761515bf4ed862913cfd693b4c4ffd5c3f3b355a70cf1e19033e9ae5aedcca103188aaff91b8bd6e293
  languageName: node
  linkType: hard

"follow-redirects@npm:^1.15.6":
  version: 1.15.11
  resolution: "follow-redirects@npm:1.15.11"
  peerDependenciesMeta:
    debug:
      optional: true
  checksum: 10c0/d301f430542520a54058d4aeeb453233c564aaccac835d29d15e050beb33f339ad67d9bddbce01739c5dc46a6716dbe3d9d0d5134b1ca203effa11a7ef092343
  languageName: node
  linkType: hard

"form-data@npm:^4.0.4":
  version: 4.0.4
  resolution: "form-data@npm:4.0.4"
  dependencies:
    asynckit: "npm:^0.4.0"
    combined-stream: "npm:^1.0.8"
    es-set-tostringtag: "npm:^2.1.0"
    hasown: "npm:^2.0.2"
    mime-types: "npm:^2.1.12"
  checksum: 10c0/373525a9a034b9d57073e55eab79e501a714ffac02e7a9b01be1c820780652b16e4101819785e1e18f8d98f0aee866cc654d660a435c378e16a72f2e7cac9695
  languageName: node
  linkType: hard

"function-bind@npm:^1.1.2":
  version: 1.1.2
  resolution: "function-bind@npm:1.1.2"
  checksum: 10c0/d8680ee1e5fcd4c197e4ac33b2b4dce03c71f4d91717292785703db200f5c21f977c568d28061226f9b5900cbcd2c84463646134fd5337e7925e0942bc3f46d5
  languageName: node
  linkType: hard

"get-intrinsic@npm:^1.2.6":
  version: 1.3.0
  resolution: "get-intrinsic@npm:1.3.0"
  dependencies:
    call-bind-apply-helpers: "npm:^1.0.2"
    es-define-property: "npm:^1.0.1"
    es-errors: "npm:^1.3.0"
    es-object-atoms: "npm:^1.1.1"
    function-bind: "npm:^1.1.2"
    get-proto: "npm:^1.0.1"
    gopd: "npm:^1.2.0"
    has-symbols: "npm:^1.1.0"
    hasown: "npm:^2.0.2"
    math-intrinsics: "npm:^1.1.0"
  checksum: 10c0/52c81808af9a8130f581e6a6a83e1ba4a9f703359e7a438d1369a5267a25412322f03dcbd7c549edaef0b6214a0630a28511d7df0130c93cfd380f4fa0b5b66a
  languageName: node
  linkType: hard

"get-proto@npm:^1.0.1":
  version: 1.0.1
  resolution: "get-proto@npm:1.0.1"
  dependencies:
    dunder-proto: "npm:^1.0.1"
    es-object-atoms: "npm:^1.0.0"
  checksum: 10c0/9224acb44603c5526955e83510b9da41baf6ae73f7398875fba50edc5e944223a89c4a72b070fcd78beb5f7bdda58ecb6294adc28f7acfc0da05f76a2399643c
  languageName: node
  linkType: hard

"gopd@npm:^1.2.0":
  version: 1.2.0
  resolution: "gopd@npm:1.2.0"
  checksum: 10c0/50fff1e04ba2b7737c097358534eacadad1e68d24cccee3272e04e007bed008e68d2614f3987788428fd192a5ae3889d08fb2331417e4fc4a9ab366b2043cead
  languageName: node
  linkType: hard

"has-symbols@npm:^1.0.3, has-symbols@npm:^1.1.0":
  version: 1.1.0
  resolution: "has-symbols@npm:1.1.0"
  checksum: 10c0/dde0a734b17ae51e84b10986e651c664379018d10b91b6b0e9b293eddb32f0f069688c841fb40f19e9611546130153e0a2a48fd7f512891fb000ddfa36f5a20e
  languageName: node
  linkType: hard

"has-tostringtag@npm:^1.0.2":
  version: 1.0.2
  resolution: "has-tostringtag@npm:1.0.2"
  dependencies:
    has-symbols: "npm:^1.0.3"
  checksum: 10c0/a8b166462192bafe3d9b6e420a1d581d93dd867adb61be223a17a8d6dad147aa77a8be32c961bb2f27b3ef893cae8d36f564ab651f5e9b7938ae86f74027c48c
  languageName: node
  linkType: hard

"hasown@npm:^2.0.2":
  version: 2.0.2
  resolution: "hasown@npm:2.0.2"
  dependencies:
    function-bind: "npm:^1.1.2"
  checksum: 10c0/3769d434703b8ac66b209a4cca0737519925bbdb61dd887f93a16372b14694c63ff4e797686d87c90f08168e81082248b9b028bad60d4da9e0d1148766f56eb9
  languageName: node
  linkType: hard

"html2canvas@npm:^1.0.0-rc.5":
  version: 1.4.1
  resolution: "html2canvas@npm:1.4.1"
  dependencies:
    css-line-break: "npm:^2.1.0"
    text-segmentation: "npm:^1.0.3"
  checksum: 10c0/6de86f75762b00948edf2ea559f16da0a1ec3facc4a8a7d3f35fcec59bb0c5970463478988ae3d9082152e0173690d46ebf4082e7ac803dd4817bae1d355c0db
  languageName: node
  linkType: hard

"json2mq@npm:^0.2.0":
  version: 0.2.0
  resolution: "json2mq@npm:0.2.0"
  dependencies:
    string-convert: "npm:^0.2.0"
  checksum: 10c0/fc9e2f2306572522d3e61d246afdf70b56ca9ea32f4ad5924c30949867851ab59c926bd0ffc821ebb54d32f3e82e95225f3906eacdb3e54c1ad49acdadf7e0c7
  languageName: node
  linkType: hard

"jspdf-autotable@npm:^3.5.28":
  version: 3.8.4
  resolution: "jspdf-autotable@npm:3.8.4"
  peerDependencies:
    jspdf: ^2.5.1
  checksum: 10c0/0289ee8c23322f69f1e275d679b5ecb32f1a76933301742169a7d476bdca2f126a82aba005b209cb257f6797056c0ee3dae8d864735b7623dab3935453fd8b59
  languageName: node
  linkType: hard

"jspdf@npm:^2.5.1":
  version: 2.5.2
  resolution: "jspdf@npm:2.5.2"
  dependencies:
    "@babel/runtime": "npm:^7.23.2"
    atob: "npm:^2.1.2"
    btoa: "npm:^1.2.1"
    canvg: "npm:^3.0.6"
    core-js: "npm:^3.6.0"
    dompurify: "npm:^2.5.4"
    fflate: "npm:^0.8.1"
    html2canvas: "npm:^1.0.0-rc.5"
  dependenciesMeta:
    canvg:
      optional: true
    core-js:
      optional: true
    dompurify:
      optional: true
    html2canvas:
      optional: true
  checksum: 10c0/0e715ba51fab41d7de85f76585a6a2b7d224f43e510993f17f071b608cf32f2107a66f3a04cbfb4d2e60b73dbd2a90f3092bcc70b9d30601cbc060caadc4d90a
  languageName: node
  linkType: hard

"lodash.debounce@npm:^4.0.8":
  version: 4.0.8
  resolution: "lodash.debounce@npm:4.0.8"
  checksum: 10c0/762998a63e095412b6099b8290903e0a8ddcb353ac6e2e0f2d7e7d03abd4275fe3c689d88960eb90b0dde4f177554d51a690f22a343932ecbc50a5d111849987
  languageName: node
  linkType: hard

"math-intrinsics@npm:^1.1.0":
  version: 1.1.0
  resolution: "math-intrinsics@npm:1.1.0"
  checksum: 10c0/7579ff94e899e2f76ab64491d76cf606274c874d8f2af4a442c016bd85688927fcfca157ba6bf74b08e9439dc010b248ce05b96cc7c126a354c3bae7fcb48b7f
  languageName: node
  linkType: hard

"mime-db@npm:1.52.0":
  version: 1.52.0
  resolution: "mime-db@npm:1.52.0"
  checksum: 10c0/0557a01deebf45ac5f5777fe7740b2a5c309c6d62d40ceab4e23da9f821899ce7a900b7ac8157d4548ddbb7beffe9abc621250e6d182b0397ec7f10c7b91a5aa
  languageName: node
  linkType: hard

"mime-types@npm:^2.1.12":
  version: 2.1.35
  resolution: "mime-types@npm:2.1.35"
  dependencies:
    mime-db: "npm:1.52.0"
  checksum: 10c0/82fb07ec56d8ff1fc999a84f2f217aa46cb6ed1033fefaabd5785b9a974ed225c90dc72fff460259e66b95b73648596dbcc50d51ed69cdf464af2d237d3149b2
  languageName: node
  linkType: hard

"performance-now@npm:^2.1.0":
  version: 2.1.0
  resolution: "performance-now@npm:2.1.0"
  checksum: 10c0/22c54de06f269e29f640e0e075207af57de5052a3d15e360c09b9a8663f393f6f45902006c1e71aa8a5a1cdfb1a47fe268826f8496d6425c362f00f5bc3e85d9
  languageName: node
  linkType: hard

"proxy-from-env@npm:^1.1.0":
  version: 1.1.0
  resolution: "proxy-from-env@npm:1.1.0"
  checksum: 10c0/fe7dd8b1bdbbbea18d1459107729c3e4a2243ca870d26d34c2c1bcd3e4425b7bcc5112362df2d93cc7fb9746f6142b5e272fd1cc5c86ddf8580175186f6ad42b
  languageName: node
  linkType: hard

"raf@npm:^3.4.1":
  version: 3.4.1
  resolution: "raf@npm:3.4.1"
  dependencies:
    performance-now: "npm:^2.1.0"
  checksum: 10c0/337f0853c9e6a77647b0f499beedafea5d6facfb9f2d488a624f88b03df2be72b8a0e7f9118a3ff811377d534912039a3311815700d2b6d2313f82f736f9eb6e
  languageName: node
  linkType: hard

"react-dom@npm:^19.1.1":
  version: 19.1.1
  resolution: "react-dom@npm:19.1.1"
  dependencies:
    scheduler: "npm:^0.26.0"
  peerDependencies:
    react: ^19.1.1
  checksum: 10c0/8c91198510521299c56e4e8d5e3a4508b2734fb5e52f29eeac33811de64e76fe586ad32c32182e2e84e070d98df67125da346c3360013357228172dbcd20bcdd
  languageName: node
  linkType: hard

"react-icons@npm:^5.5.0":
  version: 5.5.0
  resolution: "react-icons@npm:5.5.0"
  peerDependencies:
    react: "*"
  checksum: 10c0/a24309bfc993c19cbcbfc928157e53a137851822779977b9588f6dd41ffc4d11ebc98b447f4039b0d309a858f0a42980f6bfb4477fb19f9f2d1bc2e190fcf79c
  languageName: node
  linkType: hard

"react-router-dom@npm:^7.9.1":
  version: 7.9.4
  resolution: "react-router-dom@npm:7.9.4"
  dependencies:
    react-router: "npm:7.9.4"
  peerDependencies:
    react: ">=18"
    react-dom: ">=18"
  checksum: 10c0/03979ef887411230188d8eb7e001379c164f28235d5e3589f9192f73edae4c6e59a155aec0bcdcb84b3fa4e72caff0c38f4709ffb2e4cdca4cb8a8ab1c60dd35
  languageName: node
  linkType: hard

"react-router@npm:7.9.4":
  version: 7.9.4
  resolution: "react-router@npm:7.9.4"
  dependencies:
    cookie: "npm:^1.0.1"
    set-cookie-parser: "npm:^2.6.0"
  peerDependencies:
    react: ">=18"
    react-dom: ">=18"
  peerDependenciesMeta:
    react-dom:
      optional: true
  checksum: 10c0/c7556b752fa88d2bff600ce3533c962dcbe9ca9bf71f9c4b8e8a21f904856990bcb284844d53eb1dd486adaa7567c7ecf0deb3e518262269ea1ea89bea246be4
  languageName: node
  linkType: hard

"react-slick@npm:^0.31.0":
  version: 0.31.0
  resolution: "react-slick@npm:0.31.0"
  dependencies:
    classnames: "npm:^2.2.5"
    json2mq: "npm:^0.2.0"
    lodash.debounce: "npm:^4.0.8"
    resize-observer-polyfill: "npm:^1.5.0"
  peerDependencies:
    react: ^0.14.0 || ^15.0.1 || ^16.0.0 || ^17.0.0 || ^18.0.0 || ^19.0.0
    react-dom: ^0.14.0 || ^15.0.1 || ^16.0.0 || ^17.0.0 || ^18.0.0 || ^19.0.0
  checksum: 10c0/ac006104323c61af6d8e208edb49038485458756b72c9e15622beef2700085bcdb1d21f028be1b3f199ff15616eab9d61a45aa09650c9ae1d72bf2a23be48616
  languageName: node
  linkType: hard

"react@npm:^19.1.1":
  version: 19.1.1
  resolution: "react@npm:19.1.1"
  checksum: 10c0/8c9769a2dfd02e603af6445058325e6c8a24b47b185d0e461f66a6454765ddcaecb3f0a90184836c68bb509f3c38248359edbc42f0d07c23eb500a5c30c87b4e
  languageName: node
  linkType: hard

"regenerator-runtime@npm:^0.13.7":
  version: 0.13.11
  resolution: "regenerator-runtime@npm:0.13.11"
  checksum: 10c0/12b069dc774001fbb0014f6a28f11c09ebfe3c0d984d88c9bced77fdb6fedbacbca434d24da9ae9371bfbf23f754869307fb51a4c98a8b8b18e5ef748677ca24
  languageName: node
  linkType: hard

"resize-observer-polyfill@npm:^1.5.0":
  version: 1.5.1
  resolution: "resize-observer-polyfill@npm:1.5.1"
  checksum: 10c0/5e882475067f0b97dc07e0f37c3e335ac5bc3520d463f777cec7e894bb273eddbfecb857ae668e6fb6881fd6f6bb7148246967172139302da50fa12ea3a15d95
  languageName: node
  linkType: hard

"rgbcolor@npm:^1.0.1":
  version: 1.0.1
  resolution: "rgbcolor@npm:1.0.1"
  checksum: 10c0/13af06c523351bac2854b85a22d1dfafd9310efd898e9bd96c8706f9aa09a3ddc8392ab00ae03d12950782164a97677f21834ffd84ffebf76ae106add319f956
  languageName: node
  linkType: hard

"scheduler@npm:^0.26.0":
  version: 0.26.0
  resolution: "scheduler@npm:0.26.0"
  checksum: 10c0/5b8d5bfddaae3513410eda54f2268e98a376a429931921a81b5c3a2873aab7ca4d775a8caac5498f8cbc7d0daeab947cf923dbd8e215d61671f9f4e392d34356
  languageName: node
  linkType: hard

"set-cookie-parser@npm:^2.6.0":
  version: 2.7.2
  resolution: "set-cookie-parser@npm:2.7.2"
  checksum: 10c0/4381a9eb7ee951dfe393fe7aacf76b9a3b4e93a684d2162ab35594fa4053cc82a4d7d7582bf397718012c9adcf839b8cd8f57c6c42901ea9effe33c752da4a45
  languageName: node
  linkType: hard

"slick-carousel@npm:^1.8.1":
  version: 1.8.1
  resolution: "slick-carousel@npm:1.8.1"
  peerDependencies:
    jquery: ">=1.8.0"
  checksum: 10c0/e8c9c9a454c107cfee88689477b453449ed66d5343cf495d3135ec25ea736a0df862f625a9cdc8abd6262629ecef3343c5de686694831f99b13dfe837a1aa587
  languageName: node
  linkType: hard

"stackblur-canvas@npm:^2.0.0":
  version: 2.7.0
  resolution: "stackblur-canvas@npm:2.7.0"
  checksum: 10c0/df290d0629056d5bb43d37548d0b24cb8593c79d742650e68489abf61013db578c9980724c2508bb738d107204f2e2494ab94c3cf69d6b725caa9c63b8c7e272
  languageName: node
  linkType: hard

"string-convert@npm:^0.2.0":
  version: 0.2.1
  resolution: "string-convert@npm:0.2.1"
  checksum: 10c0/00673ed8a3106137395436537ace7d3672c91a3290da73466055daa0134331dc84bc58c54ba2d2ea40711adc5744426d3c8239dbfc30290438fa3e9ff65db528
  languageName: node
  linkType: hard

"svg-pathdata@npm:^6.0.3":
  version: 6.0.3
  resolution: "svg-pathdata@npm:6.0.3"
  checksum: 10c0/1ba4ad2fa81e86df37d6e78d3be9e664bbedf97773b725a863a85db384285be32dc37d9c0d61e477d89594ee95b967d2c53d6bee2d76420aab670ab4124a38b9
  languageName: node
  linkType: hard

"text-segmentation@npm:^1.0.3":
  version: 1.0.3
  resolution: "text-segmentation@npm:1.0.3"
  dependencies:
    utrie: "npm:^1.0.2"
  checksum: 10c0/8b9ae8524e3a332371060d0ca62f10ad49a13e954719ea689a6c3a8b8c15c8a56365ede2bb91c322fb0d44b6533785f0da603e066b7554d052999967fb72d600
  languageName: node
  linkType: hard

"utrie@npm:^1.0.2":
  version: 1.0.2
  resolution: "utrie@npm:1.0.2"
  dependencies:
    base64-arraybuffer: "npm:^1.0.2"
  checksum: 10c0/eaffe645bd81a39e4bc3abb23df5895e9961dbdd49748ef3b173529e8b06ce9dd1163e9705d5309a1c61ee41ffcb825e2043bc0fd1659845ffbdf4b1515dfdb4
  languageName: node
  linkType: hard
